{
  "version": 4,
  "terraform_version": "1.5.7",
  "serial": 130,
  "lineage": "89bbdfbe-cae3-b0b5-6575-96832346d07f",
  "outputs": {},
  "resources": [
    {
      "module": "module.network",
      "mode": "managed",
      "type": "aws_vpc",
      "name": "eks_vpc",
      "provider": "provider[\"registry.terraform.io/hashicorp/aws\"]",
      "instances": [
        {
          "schema_version": 1,
          "attributes": {
            "arn": "arn:aws:ec2:us-east-1:216287962757:vpc/vpc-0d860153225df8607",
            "assign_generated_ipv6_cidr_block": false,
            "cidr_block": "10.0.0.0/16",
            "default_network_acl_id": "acl-087a02b789b2f26b5",
            "default_route_table_id": "rtb-0cab8f6b0013a4703",
            "default_security_group_id": "sg-045d213135af4db31",
            "dhcp_options_id": "dopt-7f899704",
            "enable_dns_hostnames": true,
            "enable_dns_support": true,
            "enable_network_address_usage_metrics": false,
            "id": "vpc-0d860153225df8607",
            "instance_tenancy": "default",
            "ipv4_ipam_pool_id": null,
            "ipv4_netmask_length": null,
            "ipv6_association_id": "",
            "ipv6_cidr_block": "",
            "ipv6_cidr_block_network_border_group": "",
            "ipv6_ipam_pool_id": "",
            "ipv6_netmask_length": 0,
            "main_route_table_id": "rtb-0cab8f6b0013a4703",
            "owner_id": "216287962757",
            "tags": {
              "Name": "dev-hub-cluster-vpc"
            },
            "tags_all": {
              "Name": "dev-hub-cluster-vpc"
            }
          },
          "sensitive_attributes": [],
          "private": "eyJzY2hlbWFfdmVyc2lvbiI6IjEifQ=="
        }
      ]
    }
  ],
  "check_results": null
}
